
Microsoft Visual Studio Solution File, Format Version 12.00
# Visual Studio 14
VisualStudioVersion = 14.0.25420.1
MinimumVisualStudioVersion = 10.0.40219.1
Project("{FAE04EC0-301F-11D3-BF4B-00C04F79EFBC}") = "ASUVP.Core.Business", "ASUVP.Core.Business\ASUVP.Core.Business.csproj", "{1642526B-4EC2-41CF-94ED-920505DDF631}"
EndProject
Project("{FAE04EC0-301F-11D3-BF4B-00C04F79EFBC}") = "ASUVP.Core.DataAccess", "ASUVP.Core.DataAccess\ASUVP.Core.DataAccess.csproj", "{4F7F0084-C261-4548-B75D-68F706228F04}"
EndProject
Project("{FAE04EC0-301F-11D3-BF4B-00C04F79EFBC}") = "ASUVP.Middleware.WebApi", "ASUVP.Middleware.WebApi\ASUVP.Middleware.WebApi.csproj", "{72EB60E9-19E9-46A2-A9D9-D28361238248}"
EndProject
Project("{FAE04EC0-301F-11D3-BF4B-00C04F79EFBC}") = "ASUVP.Online.Web", "ASUVP.Online.Web\ASUVP.Online.Web.csproj", "{DE4589A4-34B1-4A11-B181-7906975910A8}"
	ProjectSection(ProjectDependencies) = postProject
		{72EB60E9-19E9-46A2-A9D9-D28361238248} = {72EB60E9-19E9-46A2-A9D9-D28361238248}
	EndProjectSection
EndProject
Project("{2150E333-8FDC-42A3-9474-1A3956D46DE8}") = "Core", "Core", "{9DF3B11D-3858-48E5-A83C-0E661B616780}"
EndProject
Project("{2150E333-8FDC-42A3-9474-1A3956D46DE8}") = "Middleware", "Middleware", "{034C0D4A-4DA9-4C1E-AD38-C83899DD39C4}"
EndProject
Project("{FAE04EC0-301F-11D3-BF4B-00C04F79EFBC}") = "ASUVP.Core.Domain", "ASUVP.Core.Domain\ASUVP.Core.Domain.csproj", "{B248D732-F863-4421-B5CA-4D8AB5DB36D5}"
EndProject
Project("{FAE04EC0-301F-11D3-BF4B-00C04F79EFBC}") = "ASUVP.Core", "ASUVP.Core\ASUVP.Core.csproj", "{909B4BD7-53D1-4514-B281-A0AB07C7E99E}"
EndProject
Project("{FAE04EC0-301F-11D3-BF4B-00C04F79EFBC}") = "ASUVP.Online.OData", "ASUVP.Online.OData\ASUVP.Online.OData.csproj", "{BD7A96D5-BEEE-432D-B3CC-7E839C71F64A}"
EndProject
Project("{FAE04EC0-301F-11D3-BF4B-00C04F79EFBC}") = "ASUVP.Online.Services", "ASUVP.Online.Services\ASUVP.Online.Services.csproj", "{1F3BA7FE-DB54-4E49-B825-7DFFB8913CA4}"
EndProject
Project("{FAE04EC0-301F-11D3-BF4B-00C04F79EFBC}") = "ASUVP.Core.Web", "ASUVP.Core.Web\ASUVP.Core.Web.csproj", "{2B02497A-9799-435B-B915-B5B4F7D04AC3}"
EndProject
Global
	GlobalSection(SolutionConfigurationPlatforms) = preSolution
		Debug|Any CPU = Debug|Any CPU
		Release|Any CPU = Release|Any CPU
	EndGlobalSection
	GlobalSection(ProjectConfigurationPlatforms) = postSolution
		{1642526B-4EC2-41CF-94ED-920505DDF631}.Debug|Any CPU.ActiveCfg = Debug|Any CPU
		{1642526B-4EC2-41CF-94ED-920505DDF631}.Debug|Any CPU.Build.0 = Debug|Any CPU
		{1642526B-4EC2-41CF-94ED-920505DDF631}.Release|Any CPU.ActiveCfg = Release|Any CPU
		{1642526B-4EC2-41CF-94ED-920505DDF631}.Release|Any CPU.Build.0 = Release|Any CPU
		{4F7F0084-C261-4548-B75D-68F706228F04}.Debug|Any CPU.ActiveCfg = Debug|Any CPU
		{4F7F0084-C261-4548-B75D-68F706228F04}.Debug|Any CPU.Build.0 = Debug|Any CPU
		{4F7F0084-C261-4548-B75D-68F706228F04}.Release|Any CPU.ActiveCfg = Release|Any CPU
		{4F7F0084-C261-4548-B75D-68F706228F04}.Release|Any CPU.Build.0 = Release|Any CPU
		{72EB60E9-19E9-46A2-A9D9-D28361238248}.Debug|Any CPU.ActiveCfg = Debug|Any CPU
		{72EB60E9-19E9-46A2-A9D9-D28361238248}.Debug|Any CPU.Build.0 = Debug|Any CPU
		{72EB60E9-19E9-46A2-A9D9-D28361238248}.Release|Any CPU.ActiveCfg = Release|Any CPU
		{72EB60E9-19E9-46A2-A9D9-D28361238248}.Release|Any CPU.Build.0 = Release|Any CPU
		{DE4589A4-34B1-4A11-B181-7906975910A8}.Debug|Any CPU.ActiveCfg = Debug|Any CPU
		{DE4589A4-34B1-4A11-B181-7906975910A8}.Debug|Any CPU.Build.0 = Debug|Any CPU
		{DE4589A4-34B1-4A11-B181-7906975910A8}.Release|Any CPU.ActiveCfg = Release|Any CPU
		{DE4589A4-34B1-4A11-B181-7906975910A8}.Release|Any CPU.Build.0 = Release|Any CPU
		{B248D732-F863-4421-B5CA-4D8AB5DB36D5}.Debug|Any CPU.ActiveCfg = Debug|Any CPU
		{B248D732-F863-4421-B5CA-4D8AB5DB36D5}.Debug|Any CPU.Build.0 = Debug|Any CPU
		{B248D732-F863-4421-B5CA-4D8AB5DB36D5}.Release|Any CPU.ActiveCfg = Release|Any CPU
		{B248D732-F863-4421-B5CA-4D8AB5DB36D5}.Release|Any CPU.Build.0 = Release|Any CPU
		{909B4BD7-53D1-4514-B281-A0AB07C7E99E}.Debug|Any CPU.ActiveCfg = Debug|Any CPU
		{909B4BD7-53D1-4514-B281-A0AB07C7E99E}.Debug|Any CPU.Build.0 = Debug|Any CPU
		{909B4BD7-53D1-4514-B281-A0AB07C7E99E}.Release|Any CPU.ActiveCfg = Release|Any CPU
		{909B4BD7-53D1-4514-B281-A0AB07C7E99E}.Release|Any CPU.Build.0 = Release|Any CPU
		{BD7A96D5-BEEE-432D-B3CC-7E839C71F64A}.Debug|Any CPU.ActiveCfg = Debug|Any CPU
		{BD7A96D5-BEEE-432D-B3CC-7E839C71F64A}.Debug|Any CPU.Build.0 = Debug|Any CPU
		{BD7A96D5-BEEE-432D-B3CC-7E839C71F64A}.Release|Any CPU.ActiveCfg = Release|Any CPU
		{BD7A96D5-BEEE-432D-B3CC-7E839C71F64A}.Release|Any CPU.Build.0 = Release|Any CPU
		{1F3BA7FE-DB54-4E49-B825-7DFFB8913CA4}.Debug|Any CPU.ActiveCfg = Debug|Any CPU
		{1F3BA7FE-DB54-4E49-B825-7DFFB8913CA4}.Debug|Any CPU.Build.0 = Debug|Any CPU
		{1F3BA7FE-DB54-4E49-B825-7DFFB8913CA4}.Release|Any CPU.ActiveCfg = Release|Any CPU
		{1F3BA7FE-DB54-4E49-B825-7DFFB8913CA4}.Release|Any CPU.Build.0 = Release|Any CPU
		{2B02497A-9799-435B-B915-B5B4F7D04AC3}.Debug|Any CPU.ActiveCfg = Debug|Any CPU
		{2B02497A-9799-435B-B915-B5B4F7D04AC3}.Debug|Any CPU.Build.0 = Debug|Any CPU
		{2B02497A-9799-435B-B915-B5B4F7D04AC3}.Release|Any CPU.ActiveCfg = Release|Any CPU
		{2B02497A-9799-435B-B915-B5B4F7D04AC3}.Release|Any CPU.Build.0 = Release|Any CPU
	EndGlobalSection
	GlobalSection(SolutionProperties) = preSolution
		HideSolutionNode = FALSE
	EndGlobalSection
	GlobalSection(NestedProjects) = preSolution
		{1642526B-4EC2-41CF-94ED-920505DDF631} = {9DF3B11D-3858-48E5-A83C-0E661B616780}
		{4F7F0084-C261-4548-B75D-68F706228F04} = {9DF3B11D-3858-48E5-A83C-0E661B616780}
		{72EB60E9-19E9-46A2-A9D9-D28361238248} = {034C0D4A-4DA9-4C1E-AD38-C83899DD39C4}
		{B248D732-F863-4421-B5CA-4D8AB5DB36D5} = {9DF3B11D-3858-48E5-A83C-0E661B616780}
		{909B4BD7-53D1-4514-B281-A0AB07C7E99E} = {9DF3B11D-3858-48E5-A83C-0E661B616780}
		{2B02497A-9799-435B-B915-B5B4F7D04AC3} = {9DF3B11D-3858-48E5-A83C-0E661B616780}
	EndGlobalSection
EndGlobal
